// !$*UTF8*$!
{
	archiveVersion = 1;
	classes = {
	};
	objectVersion = 56;
	objects = {

/* Begin PBXBuildFile section */
		AD6C7F8928D7C2F000134282 /* AppDelegate.swift in Sources */ = {isa = PBXBuildFile; fileRef = AD6C7F8828D7C2F000134282 /* AppDelegate.swift */; };
		AD6C7F8B28D7C2F000134282 /* SceneDelegate.swift in Sources */ = {isa = PBXBuildFile; fileRef = AD6C7F8A28D7C2F000134282 /* SceneDelegate.swift */; };
		AD6C7F8D28D7C2F000134282 /* ViewController.swift in Sources */ = {isa = PBXBuildFile; fileRef = AD6C7F8C28D7C2F000134282 /* ViewController.swift */; };
		AD6C7F9028D7C2F000134282 /* Main.storyboard in Resources */ = {isa = PBXBuildFile; fileRef = AD6C7F8E28D7C2F000134282 /* Main.storyboard */; };
		AD6C7F9228D7C2F100134282 /* Assets.xcassets in Resources */ = {isa = PBXBuildFile; fileRef = AD6C7F9128D7C2F100134282 /* Assets.xcassets */; };
		AD6C7F9528D7C2F100134282 /* LaunchScreen.storyboard in Resources */ = {isa = PBXBuildFile; fileRef = AD6C7F9328D7C2F100134282 /* LaunchScreen.storyboard */; };
		AD6C7FA328D7C40800134282 /* UniformTypeIdentifiers.framework in Frameworks */ = {isa = PBXBuildFile; fileRef = AD6C7FA228D7C40800134282 /* UniformTypeIdentifiers.framework */; };
		AD6C7FA628D7C40800134282 /* Media.xcassets in Resources */ = {isa = PBXBuildFile; fileRef = AD6C7FA528D7C40800134282 /* Media.xcassets */; };
		AD6C7FA828D7C40800134282 /* ActionViewController.swift in Sources */ = {isa = PBXBuildFile; fileRef = AD6C7FA728D7C40800134282 /* ActionViewController.swift */; };
		AD6C7FAB28D7C40800134282 /* MainInterface.storyboard in Resources */ = {isa = PBXBuildFile; fileRef = AD6C7FA928D7C40800134282 /* MainInterface.storyboard */; };
		AD6C7FAF28D7C40800134282 /* Extension.appex in Embed Foundation Extensions */ = {isa = PBXBuildFile; fileRef = AD6C7FA028D7C40800134282 /* Extension.appex */; settings = {ATTRIBUTES = (RemoveHeadersOnCopy, ); }; };
		AD6C7FB528D7C71300134282 /* Action.js in Resources */ = {isa = PBXBuildFile; fileRef = AD6C7FB428D7C71300134282 /* Action.js */; };
/* End PBXBuildFile section */

/* Begin PBXContainerItemProxy section */
		AD6C7FAD28D7C40800134282 /* PBXContainerItemProxy */ = {
			isa = PBXContainerItemProxy;
			containerPortal = AD6C7F7D28D7C2F000134282 /* Project object */;
			proxyType = 1;
			remoteGlobalIDString = AD6C7F9F28D7C40800134282;
			remoteInfo = Extension;
		};
/* End PBXContainerItemProxy section */

/* Begin PBXCopyFilesBuildPhase section */
		AD6C7FB328D7C40800134282 /* Embed Foundation Extensions */ = {
			isa = PBXCopyFilesBuildPhase;
			buildActionMask = 2147483647;
			dstPath = "";
			dstSubfolderSpec = 13;
			files = (
				AD6C7FAF28D7C40800134282 /* Extension.appex in Embed Foundation Extensions */,
			);
			name = "Embed Foundation Extensions";
			runOnlyForDeploymentPostprocessing = 0;
		};
/* End PBXCopyFilesBuildPhase section */

/* Begin PBXFileReference section */
		AD6C7F8528D7C2F000134282 /* Project19.app */ = {isa = PBXFileReference; explicitFileType = wrapper.application; includeInIndex = 0; path = Project19.app; sourceTree = BUILT_PRODUCTS_DIR; };
		AD6C7F8828D7C2F000134282 /* AppDelegate.swift */ = {isa = PBXFileReference; lastKnownFileType = sourcecode.swift; path = AppDelegate.swift; sourceTree = "<group>"; };
		AD6C7F8A28D7C2F000134282 /* SceneDelegate.swift */ = {isa = PBXFileReference; lastKnownFileType = sourcecode.swift; path = SceneDelegate.swift; sourceTree = "<group>"; };
		AD6C7F8C28D7C2F000134282 /* ViewController.swift */ = {isa = PBXFileReference; lastKnownFileType = sourcecode.swift; path = ViewController.swift; sourceTree = "<group>"; };
		AD6C7F8F28D7C2F000134282 /* Base */ = {isa = PBXFileReference; lastKnownFileType = file.storyboard; name = Base; path = Base.lproj/Main.storyboard; sourceTree = "<group>"; };
		AD6C7F9128D7C2F100134282 /* Assets.xcassets */ = {isa = PBXFileReference; lastKnownFileType = folder.assetcatalog; path = Assets.xcassets; sourceTree = "<group>"; };
		AD6C7F9428D7C2F100134282 /* Base */ = {isa = PBXFileReference; lastKnownFileType = file.storyboard; name = Base; path = Base.lproj/LaunchScreen.storyboard; sourceTree = "<group>"; };
		AD6C7F9628D7C2F100134282 /* Info.plist */ = {isa = PBXFileReference; lastKnownFileType = text.plist.xml; path = Info.plist; sourceTree = "<group>"; };
		AD6C7FA028D7C40800134282 /* Extension.appex */ = {isa = PBXFileReference; explicitFileType = "wrapper.app-extension"; includeInIndex = 0; path = Extension.appex; sourceTree = BUILT_PRODUCTS_DIR; };
		AD6C7FA228D7C40800134282 /* UniformTypeIdentifiers.framework */ = {isa = PBXFileReference; lastKnownFileType = wrapper.framework; name = UniformTypeIdentifiers.framework; path = System/Library/Frameworks/UniformTypeIdentifiers.framework; sourceTree = SDKROOT; };
		AD6C7FA528D7C40800134282 /* Media.xcassets */ = {isa = PBXFileReference; lastKnownFileType = folder.assetcatalog; path = Media.xcassets; sourceTree = "<group>"; };
		AD6C7FA728D7C40800134282 /* ActionViewController.swift */ = {isa = PBXFileReference; lastKnownFileType = sourcecode.swift; path = ActionViewController.swift; sourceTree = "<group>"; };
		AD6C7FAA28D7C40800134282 /* Base */ = {isa = PBXFileReference; lastKnownFileType = file.storyboard; name = Base; path = Base.lproj/MainInterface.storyboard; sourceTree = "<group>"; };
		AD6C7FAC28D7C40800134282 /* Info.plist */ = {isa = PBXFileReference; lastKnownFileType = text.plist.xml; path = Info.plist; sourceTree = "<group>"; };
		AD6C7FB428D7C71300134282 /* Action.js */ = {isa = PBXFileReference; lastKnownFileType = sourcecode.javascript; path = Action.js; sourceTree = "<group>"; };
/* End PBXFileReference section */

/* Begin PBXFrameworksBuildPhase section */
		AD6C7F8228D7C2F000134282 /* Frameworks */ = {
			isa = PBXFrameworksBuildPhase;
			buildActionMask = 2147483647;
			files = (
			);
			runOnlyForDeploymentPostprocessing = 0;
		};
		AD6C7F9D28D7C40800134282 /* Frameworks */ = {
			isa = PBXFrameworksBuildPhase;
			buildActionMask = 2147483647;
			files = (
				AD6C7FA328D7C40800134282 /* UniformTypeIdentifiers.framework in Frameworks */,
			);
			runOnlyForDeploymentPostprocessing = 0;
		};
/* End PBXFrameworksBuildPhase section */

/* Begin PBXGroup section */
		AD6C7F7C28D7C2F000134282 = {
			isa = PBXGroup;
			children = (
				AD6C7F8728D7C2F000134282 /* Project19 */,
				AD6C7FA428D7C40800134282 /* Extension */,
				AD6C7FA128D7C40800134282 /* Frameworks */,
				AD6C7F8628D7C2F000134282 /* Products */,
			);
			sourceTree = "<group>";
		};
		AD6C7F8628D7C2F000134282 /* Products */ = {
			isa = PBXGroup;
			children = (
				AD6C7F8528D7C2F000134282 /* Project19.app */,
				AD6C7FA028D7C40800134282 /* Extension.appex */,
			);
			name = Products;
			sourceTree = "<group>";
		};
		AD6C7F8728D7C2F000134282 /* Project19 */ = {
			isa = PBXGroup;
			children = (
				AD6C7F8828D7C2F000134282 /* AppDelegate.swift */,
				AD6C7F8A28D7C2F000134282 /* SceneDelegate.swift */,
				AD6C7F8C28D7C2F000134282 /* ViewController.swift */,
				AD6C7F8E28D7C2F000134282 /* Main.storyboard */,
				AD6C7F9128D7C2F100134282 /* Assets.xcassets */,
				AD6C7F9328D7C2F100134282 /* LaunchScreen.storyboard */,
				AD6C7F9628D7C2F100134282 /* Info.plist */,
			);
			path = Project19;
			sourceTree = "<group>";
		};
		AD6C7FA128D7C40800134282 /* Frameworks */ = {
			isa = PBXGroup;
			children = (
				AD6C7FA228D7C40800134282 /* UniformTypeIdentifiers.framework */,
			);
			name = Frameworks;
			sourceTree = "<group>";
		};
		AD6C7FA428D7C40800134282 /* Extension */ = {
			isa = PBXGroup;
			children = (
				AD6C7FA528D7C40800134282 /* Media.xcassets */,
				AD6C7FA728D7C40800134282 /* ActionViewController.swift */,
				AD6C7FA928D7C40800134282 /* MainInterface.storyboard */,
				AD6C7FAC28D7C40800134282 /* Info.plist */,
				AD6C7FB428D7C71300134282 /* Action.js */,
			);
			path = Extension;
			sourceTree = "<group>";
		};
/* End PBXGroup section */

/* Begin PBXNativeTarget section */
		AD6C7F8428D7C2F000134282 /* Project19 */ = {
			isa = PBXNativeTarget;
			buildConfigurationList = AD6C7F9928D7C2F100134282 /* Build configuration list for PBXNativeTarget "Project19" */;
			buildPhases = (
				AD6C7F8128D7C2F000134282 /* Sources */,
				AD6C7F8228D7C2F000134282 /* Frameworks */,
				AD6C7F8328D7C2F000134282 /* Resources */,
				AD6C7FB328D7C40800134282 /* Embed Foundation Extensions */,
			);
			buildRules = (
			);
			dependencies = (
				AD6C7FAE28D7C40800134282 /* PBXTargetDependency */,
			);
			name = Project19;
			productName = Project19;
			productReference = AD6C7F8528D7C2F000134282 /* Project19.app */;
			productType = "com.apple.product-type.application";
		};
		AD6C7F9F28D7C40800134282 /* Extension */ = {
			isa = PBXNativeTarget;
			buildConfigurationList = AD6C7FB028D7C40800134282 /* Build configuration list for PBXNativeTarget "Extension" */;
			buildPhases = (
				AD6C7F9C28D7C40800134282 /* Sources */,
				AD6C7F9D28D7C40800134282 /* Frameworks */,
				AD6C7F9E28D7C40800134282 /* Resources */,
			);
			buildRules = (
			);
			dependencies = (
			);
			name = Extension;
			productName = Extension;
			productReference = AD6C7FA028D7C40800134282 /* Extension.appex */;
			productType = "com.apple.product-type.app-extension";
		};
/* End PBXNativeTarget section */

/* Begin PBXProject section */
		AD6C7F7D28D7C2F000134282 /* Project object */ = {
			isa = PBXProject;
			attributes = {
				BuildIndependentTargetsInParallel = 1;
				LastSwiftUpdateCheck = 1400;
				LastUpgradeCheck = 1400;
				TargetAttributes = {
					AD6C7F8428D7C2F000134282 = {
						CreatedOnToolsVersion = 14.0;
					};
					AD6C7F9F28D7C40800134282 = {
						CreatedOnToolsVersion = 14.0;
					};
				};
			};
			buildConfigurationList = AD6C7F8028D7C2F000134282 /* Build configuration list for PBXProject "Project19" */;
			compatibilityVersion = "Xcode 14.0";
			developmentRegion = en;
			hasScannedForEncodings = 0;
			knownRegions = (
				en,
				Base,
			);
			mainGroup = AD6C7F7C28D7C2F000134282;
			productRefGroup = AD6C7F8628D7C2F000134282 /* Products */;
			projectDirPath = "";
			projectRoot = "";
			targets = (
				AD6C7F8428D7C2F000134282 /* Project19 */,
				AD6C7F9F28D7C40800134282 /* Extension */,
			);
		};
/* End PBXProject section */

/* Begin PBXResourcesBuildPhase section */
		AD6C7F8328D7C2F000134282 /* Resources */ = {
			isa = PBXResourcesBuildPhase;
			buildActionMask = 2147483647;
			files = (
				AD6C7F9528D7C2F100134282 /* LaunchScreen.storyboard in Resources */,
				AD6C7F9228D7C2F100134282 /* Assets.xcassets in Resources */,
				AD6C7F9028D7C2F000134282 /* Main.storyboard in Resources */,
			);
			runOnlyForDeploymentPostprocessing = 0;
		};
		AD6C7F9E28D7C40800134282 /* Resources */ = {
			isa = PBXResourcesBuildPhase;
			buildActionMask = 2147483647;
			files = (
				AD6C7FB528D7C71300134282 /* Action.js in Resources */,
				AD6C7FA628D7C40800134282 /* Media.xcassets in Resources */,
				AD6C7FAB28D7C40800134282 /* MainInterface.storyboard in Resources */,
			);
			runOnlyForDeploymentPostprocessing = 0;
		};
/* End PBXResourcesBuildPhase section */

/* Begin PBXSourcesBuildPhase section */
		AD6C7F8128D7C2F000134282 /* Sources */ = {
			isa = PBXSourcesBuildPhase;
			buildActionMask = 2147483647;
			files = (
				AD6C7F8D28D7C2F000134282 /* ViewController.swift in Sources */,
				AD6C7F8928D7C2F000134282 /* AppDelegate.swift in Sources */,
				AD6C7F8B28D7C2F000134282 /* SceneDelegate.swift in Sources */,
			);
			runOnlyForDeploymentPostprocessing = 0;
		};
		AD6C7F9C28D7C40800134282 /* Sources */ = {
			isa = PBXSourcesBuildPhase;
			buildActionMask = 2147483647;
			files = (
				AD6C7FA828D7C40800134282 /* ActionViewController.swift in Sources */,
			);
			runOnlyForDeploymentPostprocessing = 0;
		};
/* End PBXSourcesBuildPhase section */

/* Begin PBXTargetDependency section */
		AD6C7FAE28D7C40800134282 /* PBXTargetDependency */ = {
			isa = PBXTargetDependency;
			target = AD6C7F9F28D7C40800134282 /* Extension */;
			targetProxy = AD6C7FAD28D7C40800134282 /* PBXContainerItemProxy */;
		};
/* End PBXTargetDependency section */

/* Begin PBXVariantGroup section */
		AD6C7F8E28D7C2F000134282 /* Main.storyboard */ = {
			isa = PBXVariantGroup;
			children = (
				AD6C7F8F28D7C2F000134282 /* Base */,
			);
			name = Main.storyboard;
			sourceTree = "<group>";
		};
		AD6C7F9328D7C2F100134282 /* LaunchScreen.storyboard */ = {
			isa = PBXVariantGroup;
			children = (
				AD6C7F9428D7C2F100134282 /* Base */,
			);
			name = LaunchScreen.storyboard;
			sourceTree = "<group>";
		};
		AD6C7FA928D7C40800134282 /* MainInterface.storyboard */ = {
			isa = PBXVariantGroup;
			children = (
				AD6C7FAA28D7C40800134282 /* Base */,
			);
			name = MainInterface.storyboard;
			sourceTree = "<group>";
		};
/* End PBXVariantGroup section */

/* Begin XCBuildConfiguration section */
		AD6C7F9728D7C2F100134282 /* Debug */ = {
			isa = XCBuildConfiguration;
			buildSettings = {
				ALWAYS_SEARCH_USER_PATHS = NO;
				CLANG_ANALYZER_NONNULL = YES;
				CLANG_ANALYZER_NUMBER_OBJECT_CONVERSION = YES_AGGRESSIVE;
				CLANG_CXX_LANGUAGE_STANDARD = "gnu++20";
				CLANG_ENABLE_MODULES = YES;
				CLANG_ENABLE_OBJC_ARC = YES;
				CLANG_ENABLE_OBJC_WEAK = YES;
				CLANG_WARN_BLOCK_CAPTURE_AUTORELEASING = YES;
				CLANG_WARN_BOOL_CONVERSION = YES;
				CLANG_WARN_COMMA = YES;
				CLANG_WARN_CONSTANT_CONVERSION = YES;
				CLANG_WARN_DEPRECATED_OBJC_IMPLEMENTATIONS = YES;
				CLANG_WARN_DIRECT_OBJC_ISA_USAGE = YES_ERROR;
				CLANG_WARN_DOCUMENTATION_COMMENTS = YES;
				CLANG_WARN_EMPTY_BODY = YES;
				CLANG_WARN_ENUM_CONVERSION = YES;
				CLANG_WARN_INFINITE_RECURSION = YES;
				CLANG_WARN_INT_CONVERSION = YES;
				CLANG_WARN_NON_LITERAL_NULL_CONVERSION = YES;
				CLANG_WARN_OBJC_IMPLICIT_RETAIN_SELF = YES;
				CLANG_WARN_OBJC_LITERAL_CONVERSION = YES;
				CLANG_WARN_OBJC_ROOT_CLASS = YES_ERROR;
				CLANG_WARN_QUOTED_INCLUDE_IN_FRAMEWORK_HEADER = YES;
				CLANG_WARN_RANGE_LOOP_ANALYSIS = YES;
				CLANG_WARN_STRICT_PROTOTYPES = YES;
				CLANG_WARN_SUSPICIOUS_MOVE = YES;
				CLANG_WARN_UNGUARDED_AVAILABILITY = YES_AGGRESSIVE;
				CLANG_WARN_UNREACHABLE_CODE = YES;
				CLANG_WARN__DUPLICATE_METHOD_MATCH = YES;
				COPY_PHASE_STRIP = NO;
				DEBUG_INFORMATION_FORMAT = dwarf;
				ENABLE_STRICT_OBJC_MSGSEND = YES;
				ENABLE_TESTABILITY = YES;
				GCC_C_LANGUAGE_STANDARD = gnu11;
				GCC_DYNAMIC_NO_PIC = NO;
				GCC_NO_COMMON_BLOCKS = YES;
				GCC_OPTIMIZATION_LEVEL = 0;
				GCC_PREPROCESSOR_DEFINITIONS = (
					"DEBUG=1",
					"$(inherited)",
				);
				GCC_WARN_64_TO_32_BIT_CONVERSION = YES;
				GCC_WARN_ABOUT_RETURN_TYPE = YES_ERROR;
				GCC_WARN_UNDECLARED_SELECTOR = YES;
				GCC_WARN_UNINITIALIZED_AUTOS = YES_AGGRESSIVE;
				GCC_WARN_UNUSED_FUNCTION = YES;
				GCC_WARN_UNUSED_VARIABLE = YES;
				IPHONEOS_DEPLOYMENT_TARGET = 16.0;
				MTL_ENABLE_DEBUG_INFO = INCLUDE_SOURCE;
				MTL_FAST_MATH = YES;
				ONLY_ACTIVE_ARCH = YES;
				SDKROOT = iphoneos;
				SWIFT_ACTIVE_COMPILATION_CONDITIONS = DEBUG;
				SWIFT_OPTIMIZATION_LEVEL = "-Onone";
			};
			name = Debug;
		};
		AD6C7F9828D7C2F100134282 /* Release */ = {
			isa = XCBuildConfiguration;
			buildSettings = {
				ALWAYS_SEARCH_USER_PATHS = NO;
				CLANG_ANALYZER_NONNULL = YES;
				CLANG_ANALYZER_NUMBER_OBJECT_CONVERSION = YES_AGGRESSIVE;
				CLANG_CXX_LANGUAGE_STANDARD = "gnu++20";
				CLANG_ENABLE_MODULES = YES;
				CLANG_ENABLE_OBJC_ARC = YES;
				CLANG_ENABLE_OBJC_WEAK = YES;
				CLANG_WARN_BLOCK_CAPTURE_AUTORELEASING = YES;
				CLANG_WARN_BOOL_CONVERSION = YES;
				CLANG_WARN_COMMA = YES;
				CLANG_WARN_CONSTANT_CONVERSION = YES;
				CLANG_WARN_DEPRECATED_OBJC_IMPLEMENTATIONS = YES;
				CLANG_WARN_DIRECT_OBJC_ISA_USAGE = YES_ERROR;
				CLANG_WARN_DOCUMENTATION_COMMENTS = YES;
				CLANG_WARN_EMPTY_BODY = YES;
				CLANG_WARN_ENUM_CONVERSION = YES;
				CLANG_WARN_INFINITE_RECURSION = YES;
				CLANG_WARN_INT_CONVERSION = YES;
				CLANG_WARN_NON_LITERAL_NULL_CONVERSION = YES;
				CLANG_WARN_OBJC_IMPLICIT_RETAIN_SELF = YES;
				CLANG_WARN_OBJC_LITERAL_CONVERSION = YES;
				CLANG_WARN_OBJC_ROOT_CLASS = YES_ERROR;
				CLANG_WARN_QUOTED_INCLUDE_IN_FRAMEWORK_HEADER = YES;
				CLANG_WARN_RANGE_LOOP_ANALYSIS = YES;
				CLANG_WARN_STRICT_PROTOTYPES = YES;
				CLANG_WARN_SUSPICIOUS_MOVE = YES;
				CLANG_WARN_UNGUARDED_AVAILABILITY = YES_AGGRESSIVE;
				CLANG_WARN_UNREACHABLE_CODE = YES;
				CLANG_WARN__DUPLICATE_METHOD_MATCH = YES;
				COPY_PHASE_STRIP = NO;
				DEBUG_INFORMATION_FORMAT = "dwarf-with-dsym";
				ENABLE_NS_ASSERTIONS = NO;
				ENABLE_STRICT_OBJC_MSGSEND = YES;
				GCC_C_LANGUAGE_STANDARD = gnu11;
				GCC_NO_COMMON_BLOCKS = YES;
				GCC_WARN_64_TO_32_BIT_CONVERSION = YES;
				GCC_WARN_ABOUT_RETURN_TYPE = YES_ERROR;
				GCC_WARN_UNDECLARED_SELECTOR = YES;
				GCC_WARN_UNINITIALIZED_AUTOS = YES_AGGRESSIVE;
				GCC_WARN_UNUSED_FUNCTION = YES;
				GCC_WARN_UNUSED_VARIABLE = YES;
				IPHONEOS_DEPLOYMENT_TARGET = 16.0;
				MTL_ENABLE_DEBUG_INFO = NO;
				MTL_FAST_MATH = YES;
				SDKROOT = iphoneos;
				SWIFT_COMPILATION_MODE = wholemodule;
				SWIFT_OPTIMIZATION_LEVEL = "-O";
				VALIDATE_PRODUCT = YES;
			};
			name = Release;
		};
		AD6C7F9A28D7C2F100134282 /* Debug */ = {
			isa = XCBuildConfiguration;
			buildSettings = {
				ALWAYS_EMBED_SWIFT_STANDARD_LIBRARIES = YES;
				ASSETCATALOG_COMPILER_APPICON_NAME = AppIcon;
				ASSETCATALOG_COMPILER_GLOBAL_ACCENT_COLOR_NAME = AccentColor;
				CODE_SIGN_STYLE = Automatic;
				CURRENT_PROJECT_VERSION = 1;
				DEVELOPMENT_TEAM = S85L3BQN65;
				GENERATE_INFOPLIST_FILE = YES;
				INFOPLIST_FILE = Project19/Info.plist;
				INFOPLIST_KEY_UIApplicationSupportsIndirectInputEvents = YES;
				INFOPLIST_KEY_UILaunchStoryboardName = LaunchScreen;
				INFOPLIST_KEY_UIMainStoryboardFile = Main;
				INFOPLIST_KEY_UISupportedInterfaceOrientations_iPad = "UIInterfaceOrientationPortrait UIInterfaceOrientationPortraitUpsideDown UIInterfaceOrientationLandscapeLeft UIInterfaceOrientationLandscapeRight";
				INFOPLIST_KEY_UISupportedInterfaceOrientations_iPhone = "UIInterfaceOrientationPortrait UIInterfaceOrientationLandscapeLeft UIInterfaceOrientationLandscapeRight";
				LD_RUNPATH_SEARCH_PATHS = (
					"$(inherited)",
					"@executable_path/Frameworks",
				);
				MARKETING_VERSION = 1.0;
				PRODUCT_BUNDLE_IDENTIFIER = dev.radicheski.Project19;
				PRODUCT_NAME = "$(TARGET_NAME)";
				SWIFT_EMIT_LOC_STRINGS = YES;
				SWIFT_VERSION = 5.0;
				TARGETED_DEVICE_FAMILY = "1,2";
			};
			name = Debug;
		};
		AD6C7F9B28D7C2F100134282 /* Release */ = {
			isa = XCBuildConfiguration;
			buildSettings = {
				ALWAYS_EMBED_SWIFT_STANDARD_LIBRARIES = YES;
				ASSETCATALOG_COMPILER_APPICON_NAME = AppIcon;
				ASSETCATALOG_COMPILER_GLOBAL_ACCENT_COLOR_NAME = AccentColor;
				CODE_SIGN_STYLE = Automatic;
				CURRENT_PROJECT_VERSION = 1;
				DEVELOPMENT_TEAM = S85L3BQN65;
				GENERATE_INFOPLIST_FILE = YES;
				INFOPLIST_FILE = Project19/Info.plist;
				INFOPLIST_KEY_UIApplicationSupportsIndirectInputEvents = YES;
				INFOPLIST_KEY_UILaunchStoryboardName = LaunchScreen;
				INFOPLIST_KEY_UIMainStoryboardFile = Main;
				INFOPLIST_KEY_UISupportedInterfaceOrientations_iPad = "UIInterfaceOrientationPortrait UIInterfaceOrientationPortraitUpsideDown UIInterfaceOrientationLandscapeLeft UIInterfaceOrientationLandscapeRight";
				INFOPLIST_KEY_UISupportedInterfaceOrientations_iPhone = "UIInterfaceOrientationPortrait UIInterfaceOrientationLandscapeLeft UIInterfaceOrientationLandscapeRight";
				LD_RUNPATH_SEARCH_PATHS = (
					"$(inherited)",
					"@executable_path/Frameworks",
				);
				MARKETING_VERSION = 1.0;
				PRODUCT_BUNDLE_IDENTIFIER = dev.radicheski.Project19;
				PRODUCT_NAME = "$(TARGET_NAME)";
				SWIFT_EMIT_LOC_STRINGS = YES;
				SWIFT_VERSION = 5.0;
				TARGETED_DEVICE_FAMILY = "1,2";
			};
			name = Release;
		};
		AD6C7FB128D7C40800134282 /* Debug */ = {
			isa = XCBuildConfiguration;
			buildSettings = {
				CODE_SIGN_STYLE = Automatic;
				CURRENT_PROJECT_VERSION = 1;
				DEVELOPMENT_TEAM = S85L3BQN65;
				GENERATE_INFOPLIST_FILE = YES;
				INFOPLIST_FILE = Extension/Info.plist;
				INFOPLIST_KEY_CFBundleDisplayName = Extension;
				INFOPLIST_KEY_NSHumanReadableCopyright = "";
				LD_RUNPATH_SEARCH_PATHS = (
					"$(inherited)",
					"@executable_path/Frameworks",
					"@executable_path/../../Frameworks",
				);
				MARKETING_VERSION = 1.0;
				PRODUCT_BUNDLE_IDENTIFIER = dev.radicheski.Project19.Extension;
				PRODUCT_NAME = "$(TARGET_NAME)";
				SKIP_INSTALL = YES;
				SWIFT_EMIT_LOC_STRINGS = YES;
				SWIFT_VERSION = 5.0;
				TARGETED_DEVICE_FAMILY = "1,2";
			};
			name = Debug;
		};
		AD6C7FB228D7C40800134282 /* Release */ = {
			isa = XCBuildConfiguration;
			buildSettings = {
				CODE_SIGN_STYLE = Automatic;
				CURRENT_PROJECT_VERSION = 1;
				DEVELOPMENT_TEAM = S85L3BQN65;
				GENERATE_INFOPLIST_FILE = YES;
				INFOPLIST_FILE = Extension/Info.plist;
				INFOPLIST_KEY_CFBundleDisplayName = Extension;
				INFOPLIST_KEY_NSHumanReadableCopyright = "";
				LD_RUNPATH_SEARCH_PATHS = (
					"$(inherited)",
					"@executable_path/Frameworks",
					"@executable_path/../../Frameworks",
				);
				MARKETING_VERSION = 1.0;
				PRODUCT_BUNDLE_IDENTIFIER = dev.radicheski.Project19.Extension;
				PRODUCT_NAME = "$(TARGET_NAME)";
				SKIP_INSTALL = YES;
				SWIFT_EMIT_LOC_STRINGS = YES;
				SWIFT_VERSION = 5.0;
				TARGETED_DEVICE_FAMILY = "1,2";
			};
			name = Release;
		};
/* End XCBuildConfiguration section */

/* Begin XCConfigurationList section */
		AD6C7F8028D7C2F000134282 /* Build configuration list for PBXProject "Project19" */ = {
			isa = XCConfigurationList;
			buildConfigurations = (
				AD6C7F9728D7C2F100134282 /* Debug */,
				AD6C7F9828D7C2F100134282 /* Release */,
			);
			defaultConfigurationIsVisible = 0;
			defaultConfigurationName = Release;
		};
		AD6C7F9928D7C2F100134282 /* Build configuration list for PBXNativeTarget "Project19" */ = {
			isa = XCConfigurationList;
			buildConfigurations = (
				AD6C7F9A28D7C2F100134282 /* Debug */,
				AD6C7F9B28D7C2F100134282 /* Release */,
			);
			defaultConfigurationIsVisible = 0;
			defaultConfigurationName = Release;
		};
		AD6C7FB028D7C40800134282 /* Build configuration list for PBXNativeTarget "Extension" */ = {
			isa = XCConfigurationList;
			buildConfigurations = (
				AD6C7FB128D7C40800134282 /* Debug */,
				AD6C7FB228D7C40800134282 /* Release */,
			);
			defaultConfigurationIsVisible = 0;
			defaultConfigurationName = Release;
		};
/* End XCConfigurationList section */
	};
	rootObject = AD6C7F7D28D7C2F000134282 /* Project object */;
}
