// !$*UTF8*$!
{
	archiveVersion = 1;
	classes = {
	};
	objectVersion = 55;
	objects = {

/* Begin PBXBuildFile section */
		AD5E9C3F2845345800341FAB /* AppDelegate.swift in Sources */ = {isa = PBXBuildFile; fileRef = AD5E9C3E2845345800341FAB /* AppDelegate.swift */; };
		AD5E9C412845345800341FAB /* SceneDelegate.swift in Sources */ = {isa = PBXBuildFile; fileRef = AD5E9C402845345800341FAB /* SceneDelegate.swift */; };
		AD5E9C432845345800341FAB /* ViewController.swift in Sources */ = {isa = PBXBuildFile; fileRef = AD5E9C422845345800341FAB /* ViewController.swift */; };
		AD5E9C462845345800341FAB /* Main.storyboard in Resources */ = {isa = PBXBuildFile; fileRef = AD5E9C442845345800341FAB /* Main.storyboard */; };
		AD5E9C482845345A00341FAB /* Assets.xcassets in Resources */ = {isa = PBXBuildFile; fileRef = AD5E9C472845345A00341FAB /* Assets.xcassets */; };
		AD5E9C4B2845345A00341FAB /* LaunchScreen.storyboard in Resources */ = {isa = PBXBuildFile; fileRef = AD5E9C492845345A00341FAB /* LaunchScreen.storyboard */; };
		AD5E9C532845367600341FAB /* countries.json in Resources */ = {isa = PBXBuildFile; fileRef = AD5E9C522845367600341FAB /* countries.json */; };
		AD5E9C55284537B300341FAB /* Country.swift in Sources */ = {isa = PBXBuildFile; fileRef = AD5E9C54284537B300341FAB /* Country.swift */; };
		AD5E9C5728453A0700341FAB /* ImageWorker.swift in Sources */ = {isa = PBXBuildFile; fileRef = AD5E9C5628453A0700341FAB /* ImageWorker.swift */; };
		AD612EFD28455A610062FFB6 /* DetailViewController.swift in Sources */ = {isa = PBXBuildFile; fileRef = AD612EFC28455A610062FFB6 /* DetailViewController.swift */; };
/* End PBXBuildFile section */

/* Begin PBXFileReference section */
		AD5E9C3B2845345800341FAB /* Project03A.app */ = {isa = PBXFileReference; explicitFileType = wrapper.application; includeInIndex = 0; path = Project03A.app; sourceTree = BUILT_PRODUCTS_DIR; };
		AD5E9C3E2845345800341FAB /* AppDelegate.swift */ = {isa = PBXFileReference; lastKnownFileType = sourcecode.swift; path = AppDelegate.swift; sourceTree = "<group>"; };
		AD5E9C402845345800341FAB /* SceneDelegate.swift */ = {isa = PBXFileReference; lastKnownFileType = sourcecode.swift; path = SceneDelegate.swift; sourceTree = "<group>"; };
		AD5E9C422845345800341FAB /* ViewController.swift */ = {isa = PBXFileReference; lastKnownFileType = sourcecode.swift; path = ViewController.swift; sourceTree = "<group>"; };
		AD5E9C452845345800341FAB /* Base */ = {isa = PBXFileReference; lastKnownFileType = file.storyboard; name = Base; path = Base.lproj/Main.storyboard; sourceTree = "<group>"; };
		AD5E9C472845345A00341FAB /* Assets.xcassets */ = {isa = PBXFileReference; lastKnownFileType = folder.assetcatalog; path = Assets.xcassets; sourceTree = "<group>"; };
		AD5E9C4A2845345A00341FAB /* Base */ = {isa = PBXFileReference; lastKnownFileType = file.storyboard; name = Base; path = Base.lproj/LaunchScreen.storyboard; sourceTree = "<group>"; };
		AD5E9C4C2845345A00341FAB /* Info.plist */ = {isa = PBXFileReference; lastKnownFileType = text.plist.xml; path = Info.plist; sourceTree = "<group>"; };
		AD5E9C522845367600341FAB /* countries.json */ = {isa = PBXFileReference; lastKnownFileType = text.json; path = countries.json; sourceTree = "<group>"; };
		AD5E9C54284537B300341FAB /* Country.swift */ = {isa = PBXFileReference; lastKnownFileType = sourcecode.swift; path = Country.swift; sourceTree = "<group>"; };
		AD5E9C5628453A0700341FAB /* ImageWorker.swift */ = {isa = PBXFileReference; lastKnownFileType = sourcecode.swift; path = ImageWorker.swift; sourceTree = "<group>"; };
		AD612EFC28455A610062FFB6 /* DetailViewController.swift */ = {isa = PBXFileReference; lastKnownFileType = sourcecode.swift; path = DetailViewController.swift; sourceTree = "<group>"; };
/* End PBXFileReference section */

/* Begin PBXFrameworksBuildPhase section */
		AD5E9C382845345800341FAB /* Frameworks */ = {
			isa = PBXFrameworksBuildPhase;
			buildActionMask = 2147483647;
			files = (
			);
			runOnlyForDeploymentPostprocessing = 0;
		};
/* End PBXFrameworksBuildPhase section */

/* Begin PBXGroup section */
		AD5E9C322845345800341FAB = {
			isa = PBXGroup;
			children = (
				AD5E9C3D2845345800341FAB /* Project03A */,
				AD5E9C3C2845345800341FAB /* Products */,
			);
			sourceTree = "<group>";
		};
		AD5E9C3C2845345800341FAB /* Products */ = {
			isa = PBXGroup;
			children = (
				AD5E9C3B2845345800341FAB /* Project03A.app */,
			);
			name = Products;
			sourceTree = "<group>";
		};
		AD5E9C3D2845345800341FAB /* Project03A */ = {
			isa = PBXGroup;
			children = (
				AD5E9C3E2845345800341FAB /* AppDelegate.swift */,
				AD5E9C402845345800341FAB /* SceneDelegate.swift */,
				AD5E9C422845345800341FAB /* ViewController.swift */,
				AD5E9C442845345800341FAB /* Main.storyboard */,
				AD612EFC28455A610062FFB6 /* DetailViewController.swift */,
				AD5E9C472845345A00341FAB /* Assets.xcassets */,
				AD5E9C492845345A00341FAB /* LaunchScreen.storyboard */,
				AD5E9C4C2845345A00341FAB /* Info.plist */,
				AD5E9C522845367600341FAB /* countries.json */,
				AD5E9C54284537B300341FAB /* Country.swift */,
				AD5E9C5628453A0700341FAB /* ImageWorker.swift */,
			);
			path = Project03A;
			sourceTree = "<group>";
		};
/* End PBXGroup section */

/* Begin PBXNativeTarget section */
		AD5E9C3A2845345800341FAB /* Project03A */ = {
			isa = PBXNativeTarget;
			buildConfigurationList = AD5E9C4F2845345A00341FAB /* Build configuration list for PBXNativeTarget "Project03A" */;
			buildPhases = (
				AD5E9C372845345800341FAB /* Sources */,
				AD5E9C382845345800341FAB /* Frameworks */,
				AD5E9C392845345800341FAB /* Resources */,
			);
			buildRules = (
			);
			dependencies = (
			);
			name = Project03A;
			productName = Project04;
			productReference = AD5E9C3B2845345800341FAB /* Project03A.app */;
			productType = "com.apple.product-type.application";
		};
/* End PBXNativeTarget section */

/* Begin PBXProject section */
		AD5E9C332845345800341FAB /* Project object */ = {
			isa = PBXProject;
			attributes = {
				BuildIndependentTargetsInParallel = 1;
				LastSwiftUpdateCheck = 1340;
				LastUpgradeCheck = 1340;
				TargetAttributes = {
					AD5E9C3A2845345800341FAB = {
						CreatedOnToolsVersion = 13.4;
					};
				};
			};
			buildConfigurationList = AD5E9C362845345800341FAB /* Build configuration list for PBXProject "Project03A" */;
			compatibilityVersion = "Xcode 13.0";
			developmentRegion = en;
			hasScannedForEncodings = 0;
			knownRegions = (
				en,
				Base,
			);
			mainGroup = AD5E9C322845345800341FAB;
			productRefGroup = AD5E9C3C2845345800341FAB /* Products */;
			projectDirPath = "";
			projectRoot = "";
			targets = (
				AD5E9C3A2845345800341FAB /* Project03A */,
			);
		};
/* End PBXProject section */

/* Begin PBXResourcesBuildPhase section */
		AD5E9C392845345800341FAB /* Resources */ = {
			isa = PBXResourcesBuildPhase;
			buildActionMask = 2147483647;
			files = (
				AD5E9C4B2845345A00341FAB /* LaunchScreen.storyboard in Resources */,
				AD5E9C482845345A00341FAB /* Assets.xcassets in Resources */,
				AD5E9C532845367600341FAB /* countries.json in Resources */,
				AD5E9C462845345800341FAB /* Main.storyboard in Resources */,
			);
			runOnlyForDeploymentPostprocessing = 0;
		};
/* End PBXResourcesBuildPhase section */

/* Begin PBXSourcesBuildPhase section */
		AD5E9C372845345800341FAB /* Sources */ = {
			isa = PBXSourcesBuildPhase;
			buildActionMask = 2147483647;
			files = (
				AD5E9C55284537B300341FAB /* Country.swift in Sources */,
				AD5E9C432845345800341FAB /* ViewController.swift in Sources */,
				AD5E9C5728453A0700341FAB /* ImageWorker.swift in Sources */,
				AD612EFD28455A610062FFB6 /* DetailViewController.swift in Sources */,
				AD5E9C3F2845345800341FAB /* AppDelegate.swift in Sources */,
				AD5E9C412845345800341FAB /* SceneDelegate.swift in Sources */,
			);
			runOnlyForDeploymentPostprocessing = 0;
		};
/* End PBXSourcesBuildPhase section */

/* Begin PBXVariantGroup section */
		AD5E9C442845345800341FAB /* Main.storyboard */ = {
			isa = PBXVariantGroup;
			children = (
				AD5E9C452845345800341FAB /* Base */,
			);
			name = Main.storyboard;
			sourceTree = "<group>";
		};
		AD5E9C492845345A00341FAB /* LaunchScreen.storyboard */ = {
			isa = PBXVariantGroup;
			children = (
				AD5E9C4A2845345A00341FAB /* Base */,
			);
			name = LaunchScreen.storyboard;
			sourceTree = "<group>";
		};
/* End PBXVariantGroup section */

/* Begin XCBuildConfiguration section */
		AD5E9C4D2845345A00341FAB /* Debug */ = {
			isa = XCBuildConfiguration;
			buildSettings = {
				ALWAYS_SEARCH_USER_PATHS = NO;
				CLANG_ANALYZER_NONNULL = YES;
				CLANG_ANALYZER_NUMBER_OBJECT_CONVERSION = YES_AGGRESSIVE;
				CLANG_CXX_LANGUAGE_STANDARD = "gnu++17";
				CLANG_ENABLE_MODULES = YES;
				CLANG_ENABLE_OBJC_ARC = YES;
				CLANG_ENABLE_OBJC_WEAK = YES;
				CLANG_WARN_BLOCK_CAPTURE_AUTORELEASING = YES;
				CLANG_WARN_BOOL_CONVERSION = YES;
				CLANG_WARN_COMMA = YES;
				CLANG_WARN_CONSTANT_CONVERSION = YES;
				CLANG_WARN_DEPRECATED_OBJC_IMPLEMENTATIONS = YES;
				CLANG_WARN_DIRECT_OBJC_ISA_USAGE = YES_ERROR;
				CLANG_WARN_DOCUMENTATION_COMMENTS = YES;
				CLANG_WARN_EMPTY_BODY = YES;
				CLANG_WARN_ENUM_CONVERSION = YES;
				CLANG_WARN_INFINITE_RECURSION = YES;
				CLANG_WARN_INT_CONVERSION = YES;
				CLANG_WARN_NON_LITERAL_NULL_CONVERSION = YES;
				CLANG_WARN_OBJC_IMPLICIT_RETAIN_SELF = YES;
				CLANG_WARN_OBJC_LITERAL_CONVERSION = YES;
				CLANG_WARN_OBJC_ROOT_CLASS = YES_ERROR;
				CLANG_WARN_QUOTED_INCLUDE_IN_FRAMEWORK_HEADER = YES;
				CLANG_WARN_RANGE_LOOP_ANALYSIS = YES;
				CLANG_WARN_STRICT_PROTOTYPES = YES;
				CLANG_WARN_SUSPICIOUS_MOVE = YES;
				CLANG_WARN_UNGUARDED_AVAILABILITY = YES_AGGRESSIVE;
				CLANG_WARN_UNREACHABLE_CODE = YES;
				CLANG_WARN__DUPLICATE_METHOD_MATCH = YES;
				COPY_PHASE_STRIP = NO;
				DEBUG_INFORMATION_FORMAT = dwarf;
				ENABLE_STRICT_OBJC_MSGSEND = YES;
				ENABLE_TESTABILITY = YES;
				GCC_C_LANGUAGE_STANDARD = gnu11;
				GCC_DYNAMIC_NO_PIC = NO;
				GCC_NO_COMMON_BLOCKS = YES;
				GCC_OPTIMIZATION_LEVEL = 0;
				GCC_PREPROCESSOR_DEFINITIONS = (
					"DEBUG=1",
					"$(inherited)",
				);
				GCC_WARN_64_TO_32_BIT_CONVERSION = YES;
				GCC_WARN_ABOUT_RETURN_TYPE = YES_ERROR;
				GCC_WARN_UNDECLARED_SELECTOR = YES;
				GCC_WARN_UNINITIALIZED_AUTOS = YES_AGGRESSIVE;
				GCC_WARN_UNUSED_FUNCTION = YES;
				GCC_WARN_UNUSED_VARIABLE = YES;
				IPHONEOS_DEPLOYMENT_TARGET = 15.5;
				MTL_ENABLE_DEBUG_INFO = INCLUDE_SOURCE;
				MTL_FAST_MATH = YES;
				ONLY_ACTIVE_ARCH = YES;
				SDKROOT = iphoneos;
				SWIFT_ACTIVE_COMPILATION_CONDITIONS = DEBUG;
				SWIFT_OPTIMIZATION_LEVEL = "-Onone";
			};
			name = Debug;
		};
		AD5E9C4E2845345A00341FAB /* Release */ = {
			isa = XCBuildConfiguration;
			buildSettings = {
				ALWAYS_SEARCH_USER_PATHS = NO;
				CLANG_ANALYZER_NONNULL = YES;
				CLANG_ANALYZER_NUMBER_OBJECT_CONVERSION = YES_AGGRESSIVE;
				CLANG_CXX_LANGUAGE_STANDARD = "gnu++17";
				CLANG_ENABLE_MODULES = YES;
				CLANG_ENABLE_OBJC_ARC = YES;
				CLANG_ENABLE_OBJC_WEAK = YES;
				CLANG_WARN_BLOCK_CAPTURE_AUTORELEASING = YES;
				CLANG_WARN_BOOL_CONVERSION = YES;
				CLANG_WARN_COMMA = YES;
				CLANG_WARN_CONSTANT_CONVERSION = YES;
				CLANG_WARN_DEPRECATED_OBJC_IMPLEMENTATIONS = YES;
				CLANG_WARN_DIRECT_OBJC_ISA_USAGE = YES_ERROR;
				CLANG_WARN_DOCUMENTATION_COMMENTS = YES;
				CLANG_WARN_EMPTY_BODY = YES;
				CLANG_WARN_ENUM_CONVERSION = YES;
				CLANG_WARN_INFINITE_RECURSION = YES;
				CLANG_WARN_INT_CONVERSION = YES;
				CLANG_WARN_NON_LITERAL_NULL_CONVERSION = YES;
				CLANG_WARN_OBJC_IMPLICIT_RETAIN_SELF = YES;
				CLANG_WARN_OBJC_LITERAL_CONVERSION = YES;
				CLANG_WARN_OBJC_ROOT_CLASS = YES_ERROR;
				CLANG_WARN_QUOTED_INCLUDE_IN_FRAMEWORK_HEADER = YES;
				CLANG_WARN_RANGE_LOOP_ANALYSIS = YES;
				CLANG_WARN_STRICT_PROTOTYPES = YES;
				CLANG_WARN_SUSPICIOUS_MOVE = YES;
				CLANG_WARN_UNGUARDED_AVAILABILITY = YES_AGGRESSIVE;
				CLANG_WARN_UNREACHABLE_CODE = YES;
				CLANG_WARN__DUPLICATE_METHOD_MATCH = YES;
				COPY_PHASE_STRIP = NO;
				DEBUG_INFORMATION_FORMAT = "dwarf-with-dsym";
				ENABLE_NS_ASSERTIONS = NO;
				ENABLE_STRICT_OBJC_MSGSEND = YES;
				GCC_C_LANGUAGE_STANDARD = gnu11;
				GCC_NO_COMMON_BLOCKS = YES;
				GCC_WARN_64_TO_32_BIT_CONVERSION = YES;
				GCC_WARN_ABOUT_RETURN_TYPE = YES_ERROR;
				GCC_WARN_UNDECLARED_SELECTOR = YES;
				GCC_WARN_UNINITIALIZED_AUTOS = YES_AGGRESSIVE;
				GCC_WARN_UNUSED_FUNCTION = YES;
				GCC_WARN_UNUSED_VARIABLE = YES;
				IPHONEOS_DEPLOYMENT_TARGET = 15.5;
				MTL_ENABLE_DEBUG_INFO = NO;
				MTL_FAST_MATH = YES;
				SDKROOT = iphoneos;
				SWIFT_COMPILATION_MODE = wholemodule;
				SWIFT_OPTIMIZATION_LEVEL = "-O";
				VALIDATE_PRODUCT = YES;
			};
			name = Release;
		};
		AD5E9C502845345A00341FAB /* Debug */ = {
			isa = XCBuildConfiguration;
			buildSettings = {
				ASSETCATALOG_COMPILER_APPICON_NAME = AppIcon;
				ASSETCATALOG_COMPILER_GLOBAL_ACCENT_COLOR_NAME = AccentColor;
				CODE_SIGN_STYLE = Automatic;
				CURRENT_PROJECT_VERSION = 1;
				DEVELOPMENT_TEAM = S85L3BQN65;
				GENERATE_INFOPLIST_FILE = YES;
				INFOPLIST_FILE = Project03A/Info.plist;
				INFOPLIST_KEY_UIApplicationSupportsIndirectInputEvents = YES;
				INFOPLIST_KEY_UILaunchStoryboardName = LaunchScreen;
				INFOPLIST_KEY_UIMainStoryboardFile = Main;
				INFOPLIST_KEY_UISupportedInterfaceOrientations_iPad = "UIInterfaceOrientationPortrait UIInterfaceOrientationPortraitUpsideDown UIInterfaceOrientationLandscapeLeft UIInterfaceOrientationLandscapeRight";
				INFOPLIST_KEY_UISupportedInterfaceOrientations_iPhone = "UIInterfaceOrientationPortrait UIInterfaceOrientationLandscapeLeft UIInterfaceOrientationLandscapeRight";
				LD_RUNPATH_SEARCH_PATHS = (
					"$(inherited)",
					"@executable_path/Frameworks",
				);
				MARKETING_VERSION = 1.0;
				PRODUCT_BUNDLE_IDENTIFIER = dev.radicheski.Project03A;
				PRODUCT_NAME = "$(TARGET_NAME)";
				SWIFT_EMIT_LOC_STRINGS = YES;
				SWIFT_VERSION = 5.0;
				TARGETED_DEVICE_FAMILY = "1,2";
			};
			name = Debug;
		};
		AD5E9C512845345A00341FAB /* Release */ = {
			isa = XCBuildConfiguration;
			buildSettings = {
				ASSETCATALOG_COMPILER_APPICON_NAME = AppIcon;
				ASSETCATALOG_COMPILER_GLOBAL_ACCENT_COLOR_NAME = AccentColor;
				CODE_SIGN_STYLE = Automatic;
				CURRENT_PROJECT_VERSION = 1;
				DEVELOPMENT_TEAM = S85L3BQN65;
				GENERATE_INFOPLIST_FILE = YES;
				INFOPLIST_FILE = Project03A/Info.plist;
				INFOPLIST_KEY_UIApplicationSupportsIndirectInputEvents = YES;
				INFOPLIST_KEY_UILaunchStoryboardName = LaunchScreen;
				INFOPLIST_KEY_UIMainStoryboardFile = Main;
				INFOPLIST_KEY_UISupportedInterfaceOrientations_iPad = "UIInterfaceOrientationPortrait UIInterfaceOrientationPortraitUpsideDown UIInterfaceOrientationLandscapeLeft UIInterfaceOrientationLandscapeRight";
				INFOPLIST_KEY_UISupportedInterfaceOrientations_iPhone = "UIInterfaceOrientationPortrait UIInterfaceOrientationLandscapeLeft UIInterfaceOrientationLandscapeRight";
				LD_RUNPATH_SEARCH_PATHS = (
					"$(inherited)",
					"@executable_path/Frameworks",
				);
				MARKETING_VERSION = 1.0;
				PRODUCT_BUNDLE_IDENTIFIER = dev.radicheski.Project03A;
				PRODUCT_NAME = "$(TARGET_NAME)";
				SWIFT_EMIT_LOC_STRINGS = YES;
				SWIFT_VERSION = 5.0;
				TARGETED_DEVICE_FAMILY = "1,2";
			};
			name = Release;
		};
/* End XCBuildConfiguration section */

/* Begin XCConfigurationList section */
		AD5E9C362845345800341FAB /* Build configuration list for PBXProject "Project03A" */ = {
			isa = XCConfigurationList;
			buildConfigurations = (
				AD5E9C4D2845345A00341FAB /* Debug */,
				AD5E9C4E2845345A00341FAB /* Release */,
			);
			defaultConfigurationIsVisible = 0;
			defaultConfigurationName = Release;
		};
		AD5E9C4F2845345A00341FAB /* Build configuration list for PBXNativeTarget "Project03A" */ = {
			isa = XCConfigurationList;
			buildConfigurations = (
				AD5E9C502845345A00341FAB /* Debug */,
				AD5E9C512845345A00341FAB /* Release */,
			);
			defaultConfigurationIsVisible = 0;
			defaultConfigurationName = Release;
		};
/* End XCConfigurationList section */
	};
	rootObject = AD5E9C332845345800341FAB /* Project object */;
}
